// !$*UTF8*$!
{
	archiveVersion = 1;
	classes = {
	};
	objectVersion = 55;
	objects = {

/* Begin PBXBuildFile section */
		5485B26F275722040079E00A /* AddReedForm.swift in Sources */ = {isa = PBXBuildFile; fileRef = 5485B26E275722030079E00A /* AddReedForm.swift */; };
		54EBC03D27500DD400F59A52 /* ReedCaseApp.swift in Sources */ = {isa = PBXBuildFile; fileRef = 54EBC03C27500DD400F59A52 /* ReedCaseApp.swift */; };
		54EBC03F27500DD400F59A52 /* ContentView.swift in Sources */ = {isa = PBXBuildFile; fileRef = 54EBC03E27500DD400F59A52 /* ContentView.swift */; };
		54EBC04127500DD500F59A52 /* Assets.xcassets in Resources */ = {isa = PBXBuildFile; fileRef = 54EBC04027500DD500F59A52 /* Assets.xcassets */; };
		54EBC04427500DD500F59A52 /* Preview Assets.xcassets in Resources */ = {isa = PBXBuildFile; fileRef = 54EBC04327500DD500F59A52 /* Preview Assets.xcassets */; };
		54EBC04B27503CA200F59A52 /* ReedModel.swift in Sources */ = {isa = PBXBuildFile; fileRef = 54EBC04A27503CA200F59A52 /* ReedModel.swift */; };
/* End PBXBuildFile section */

/* Begin PBXFileReference section */
		5485B26E275722030079E00A /* AddReedForm.swift */ = {isa = PBXFileReference; lastKnownFileType = sourcecode.swift; path = AddReedForm.swift; sourceTree = "<group>"; };
		54EBC03927500DD400F59A52 /* ReedCase.app */ = {isa = PBXFileReference; explicitFileType = wrapper.application; includeInIndex = 0; path = ReedCase.app; sourceTree = BUILT_PRODUCTS_DIR; };
		54EBC03C27500DD400F59A52 /* ReedCaseApp.swift */ = {isa = PBXFileReference; lastKnownFileType = sourcecode.swift; path = ReedCaseApp.swift; sourceTree = "<group>"; };
		54EBC03E27500DD400F59A52 /* ContentView.swift */ = {isa = PBXFileReference; lastKnownFileType = sourcecode.swift; path = ContentView.swift; sourceTree = "<group>"; };
		54EBC04027500DD500F59A52 /* Assets.xcassets */ = {isa = PBXFileReference; lastKnownFileType = folder.assetcatalog; path = Assets.xcassets; sourceTree = "<group>"; };
		54EBC04327500DD500F59A52 /* Preview Assets.xcassets */ = {isa = PBXFileReference; lastKnownFileType = folder.assetcatalog; path = "Preview Assets.xcassets"; sourceTree = "<group>"; };
		54EBC04A27503CA200F59A52 /* ReedModel.swift */ = {isa = PBXFileReference; lastKnownFileType = sourcecode.swift; path = ReedModel.swift; sourceTree = "<group>"; };
/* End PBXFileReference section */

/* Begin PBXFrameworksBuildPhase section */
		54EBC03627500DD400F59A52 /* Frameworks */ = {
			isa = PBXFrameworksBuildPhase;
			buildActionMask = 2147483647;
			files = (
			);
			runOnlyForDeploymentPostprocessing = 0;
		};
/* End PBXFrameworksBuildPhase section */

/* Begin PBXGroup section */
		5485B26D275721F30079E00A /* AddReedForm */ = {
			isa = PBXGroup;
			children = (
				5485B26E275722030079E00A /* AddReedForm.swift */,
			);
			path = AddReedForm;
			sourceTree = "<group>";
		};
		54EBC03027500DD400F59A52 = {
			isa = PBXGroup;
			children = (
				54EBC03B27500DD400F59A52 /* ReedCase */,
				54EBC03A27500DD400F59A52 /* Products */,
			);
			sourceTree = "<group>";
		};
		54EBC03A27500DD400F59A52 /* Products */ = {
			isa = PBXGroup;
			children = (
				54EBC03927500DD400F59A52 /* ReedCase.app */,
			);
			name = Products;
			sourceTree = "<group>";
		};
		54EBC03B27500DD400F59A52 /* ReedCase */ = {
			isa = PBXGroup;
			children = (
				5485B26D275721F30079E00A /* AddReedForm */,
				54EBC03C27500DD400F59A52 /* ReedCaseApp.swift */,
				54EBC03E27500DD400F59A52 /* ContentView.swift */,
				54EBC04027500DD500F59A52 /* Assets.xcassets */,
				54EBC04227500DD500F59A52 /* Preview Content */,
				54EBC04A27503CA200F59A52 /* ReedModel.swift */,
			);
			path = ReedCase;
			sourceTree = "<group>";
		};
		54EBC04227500DD500F59A52 /* Preview Content */ = {
			isa = PBXGroup;
			children = (
				54EBC04327500DD500F59A52 /* Preview Assets.xcassets */,
			);
			path = "Preview Content";
			sourceTree = "<group>";
		};
/* End PBXGroup section */

/* Begin PBXNativeTarget section */
		54EBC03827500DD400F59A52 /* ReedCase */ = {
			isa = PBXNativeTarget;
			buildConfigurationList = 54EBC04727500DD500F59A52 /* Build configuration list for PBXNativeTarget "ReedCase" */;
			buildPhases = (
				54EBC03527500DD400F59A52 /* Sources */,
				54EBC03627500DD400F59A52 /* Frameworks */,
				54EBC03727500DD400F59A52 /* Resources */,
			);
			buildRules = (
			);
			dependencies = (
			);
			name = ReedCase;
			productName = ReedCase;
			productReference = 54EBC03927500DD400F59A52 /* ReedCase.app */;
			productType = "com.apple.product-type.application";
		};
/* End PBXNativeTarget section */

/* Begin PBXProject section */
		54EBC03127500DD400F59A52 /* Project object */ = {
			isa = PBXProject;
			attributes = {
				BuildIndependentTargetsInParallel = 1;
				LastSwiftUpdateCheck = 1310;
				LastUpgradeCheck = 1310;
				TargetAttributes = {
					54EBC03827500DD400F59A52 = {
						CreatedOnToolsVersion = 13.1;
					};
				};
			};
			buildConfigurationList = 54EBC03427500DD400F59A52 /* Build configuration list for PBXProject "ReedCase" */;
			compatibilityVersion = "Xcode 13.0";
			developmentRegion = en;
			hasScannedForEncodings = 0;
			knownRegions = (
				en,
				Base,
			);
			mainGroup = 54EBC03027500DD400F59A52;
			productRefGroup = 54EBC03A27500DD400F59A52 /* Products */;
			projectDirPath = "";
			projectRoot = "";
			targets = (
				54EBC03827500DD400F59A52 /* ReedCase */,
			);
		};
/* End PBXProject section */

/* Begin PBXResourcesBuildPhase section */
		54EBC03727500DD400F59A52 /* Resources */ = {
			isa = PBXResourcesBuildPhase;
			buildActionMask = 2147483647;
			files = (
				54EBC04427500DD500F59A52 /* Preview Assets.xcassets in Resources */,
				54EBC04127500DD500F59A52 /* Assets.xcassets in Resources */,
			);
			runOnlyForDeploymentPostprocessing = 0;
		};
/* End PBXResourcesBuildPhase section */

/* Begin PBXSourcesBuildPhase section */
		54EBC03527500DD400F59A52 /* Sources */ = {
			isa = PBXSourcesBuildPhase;
			buildActionMask = 2147483647;
			files = (
				54EBC03F27500DD400F59A52 /* ContentView.swift in Sources */,
				5485B26F275722040079E00A /* AddReedForm.swift in Sources */,
				54EBC03D27500DD400F59A52 /* ReedCaseApp.swift in Sources */,
				54EBC04B27503CA200F59A52 /* ReedModel.swift in Sources */,
			);
			runOnlyForDeploymentPostprocessing = 0;
		};
/* End PBXSourcesBuildPhase section */

/* Begin XCBuildConfiguration section */
		54EBC04527500DD500F59A52 /* Debug */ = {
			isa = XCBuildConfiguration;
			buildSettings = {
				ALWAYS_SEARCH_USER_PATHS = NO;
				CLANG_ANALYZER_NONNULL = YES;
				CLANG_ANALYZER_NUMBER_OBJECT_CONVERSION = YES_AGGRESSIVE;
				CLANG_CXX_LANGUAGE_STANDARD = "gnu++17";
				CLANG_CXX_LIBRARY = "libc++";
				CLANG_ENABLE_MODULES = YES;
				CLANG_ENABLE_OBJC_ARC = YES;
				CLANG_ENABLE_OBJC_WEAK = YES;
				CLANG_WARN_BLOCK_CAPTURE_AUTORELEASING = YES;
				CLANG_WARN_BOOL_CONVERSION = YES;
				CLANG_WARN_COMMA = YES;
				CLANG_WARN_CONSTANT_CONVERSION = YES;
				CLANG_WARN_DEPRECATED_OBJC_IMPLEMENTATIONS = YES;
				CLANG_WARN_DIRECT_OBJC_ISA_USAGE = YES_ERROR;
				CLANG_WARN_DOCUMENTATION_COMMENTS = YES;
				CLANG_WARN_EMPTY_BODY = YES;
				CLANG_WARN_ENUM_CONVERSION = YES;
				CLANG_WARN_INFINITE_RECURSION = YES;
				CLANG_WARN_INT_CONVERSION = YES;
				CLANG_WARN_NON_LITERAL_NULL_CONVERSION = YES;
				CLANG_WARN_OBJC_IMPLICIT_RETAIN_SELF = YES;
				CLANG_WARN_OBJC_LITERAL_CONVERSION = YES;
				CLANG_WARN_OBJC_ROOT_CLASS = YES_ERROR;
				CLANG_WARN_QUOTED_INCLUDE_IN_FRAMEWORK_HEADER = YES;
				CLANG_WARN_RANGE_LOOP_ANALYSIS = YES;
				CLANG_WARN_STRICT_PROTOTYPES = YES;
				CLANG_WARN_SUSPICIOUS_MOVE = YES;
				CLANG_WARN_UNGUARDED_AVAILABILITY = YES_AGGRESSIVE;
				CLANG_WARN_UNREACHABLE_CODE = YES;
				CLANG_WARN__DUPLICATE_METHOD_MATCH = YES;
				COPY_PHASE_STRIP = NO;
				DEBUG_INFORMATION_FORMAT = dwarf;
				ENABLE_STRICT_OBJC_MSGSEND = YES;
				ENABLE_TESTABILITY = YES;
				GCC_C_LANGUAGE_STANDARD = gnu11;
				GCC_DYNAMIC_NO_PIC = NO;
				GCC_NO_COMMON_BLOCKS = YES;
				GCC_OPTIMIZATION_LEVEL = 0;
				GCC_PREPROCESSOR_DEFINITIONS = (
					"DEBUG=1",
					"$(inherited)",
				);
				GCC_WARN_64_TO_32_BIT_CONVERSION = YES;
				GCC_WARN_ABOUT_RETURN_TYPE = YES_ERROR;
				GCC_WARN_UNDECLARED_SELECTOR = YES;
				GCC_WARN_UNINITIALIZED_AUTOS = YES_AGGRESSIVE;
				GCC_WARN_UNUSED_FUNCTION = YES;
				GCC_WARN_UNUSED_VARIABLE = YES;
				IPHONEOS_DEPLOYMENT_TARGET = 15.0;
				MTL_ENABLE_DEBUG_INFO = INCLUDE_SOURCE;
				MTL_FAST_MATH = YES;
				ONLY_ACTIVE_ARCH = YES;
				SDKROOT = iphoneos;
				SWIFT_ACTIVE_COMPILATION_CONDITIONS = DEBUG;
				SWIFT_OPTIMIZATION_LEVEL = "-Onone";
			};
			name = Debug;
		};
		54EBC04627500DD500F59A52 /* Release */ = {
			isa = XCBuildConfiguration;
			buildSettings = {
				ALWAYS_SEARCH_USER_PATHS = NO;
				CLANG_ANALYZER_NONNULL = YES;
				CLANG_ANALYZER_NUMBER_OBJECT_CONVERSION = YES_AGGRESSIVE;
				CLANG_CXX_LANGUAGE_STANDARD = "gnu++17";
				CLANG_CXX_LIBRARY = "libc++";
				CLANG_ENABLE_MODULES = YES;
				CLANG_ENABLE_OBJC_ARC = YES;
				CLANG_ENABLE_OBJC_WEAK = YES;
				CLANG_WARN_BLOCK_CAPTURE_AUTORELEASING = YES;
				CLANG_WARN_BOOL_CONVERSION = YES;
				CLANG_WARN_COMMA = YES;
				CLANG_WARN_CONSTANT_CONVERSION = YES;
				CLANG_WARN_DEPRECATED_OBJC_IMPLEMENTATIONS = YES;
				CLANG_WARN_DIRECT_OBJC_ISA_USAGE = YES_ERROR;
				CLANG_WARN_DOCUMENTATION_COMMENTS = YES;
				CLANG_WARN_EMPTY_BODY = YES;
				CLANG_WARN_ENUM_CONVERSION = YES;
				CLANG_WARN_INFINITE_RECURSION = YES;
				CLANG_WARN_INT_CONVERSION = YES;
				CLANG_WARN_NON_LITERAL_NULL_CONVERSION = YES;
				CLANG_WARN_OBJC_IMPLICIT_RETAIN_SELF = YES;
				CLANG_WARN_OBJC_LITERAL_CONVERSION = YES;
				CLANG_WARN_OBJC_ROOT_CLASS = YES_ERROR;
				CLANG_WARN_QUOTED_INCLUDE_IN_FRAMEWORK_HEADER = YES;
				CLANG_WARN_RANGE_LOOP_ANALYSIS = YES;
				CLANG_WARN_STRICT_PROTOTYPES = YES;
				CLANG_WARN_SUSPICIOUS_MOVE = YES;
				CLANG_WARN_UNGUARDED_AVAILABILITY = YES_AGGRESSIVE;
				CLANG_WARN_UNREACHABLE_CODE = YES;
				CLANG_WARN__DUPLICATE_METHOD_MATCH = YES;
				COPY_PHASE_STRIP = NO;
				DEBUG_INFORMATION_FORMAT = "dwarf-with-dsym";
				ENABLE_NS_ASSERTIONS = NO;
				ENABLE_STRICT_OBJC_MSGSEND = YES;
				GCC_C_LANGUAGE_STANDARD = gnu11;
				GCC_NO_COMMON_BLOCKS = YES;
				GCC_WARN_64_TO_32_BIT_CONVERSION = YES;
				GCC_WARN_ABOUT_RETURN_TYPE = YES_ERROR;
				GCC_WARN_UNDECLARED_SELECTOR = YES;
				GCC_WARN_UNINITIALIZED_AUTOS = YES_AGGRESSIVE;
				GCC_WARN_UNUSED_FUNCTION = YES;
				GCC_WARN_UNUSED_VARIABLE = YES;
				IPHONEOS_DEPLOYMENT_TARGET = 15.0;
				MTL_ENABLE_DEBUG_INFO = NO;
				MTL_FAST_MATH = YES;
				SDKROOT = iphoneos;
				SWIFT_COMPILATION_MODE = wholemodule;
				SWIFT_OPTIMIZATION_LEVEL = "-O";
				VALIDATE_PRODUCT = YES;
			};
			name = Release;
		};
		54EBC04827500DD500F59A52 /* Debug */ = {
			isa = XCBuildConfiguration;
			buildSettings = {
				ASSETCATALOG_COMPILER_APPICON_NAME = AppIcon;
				ASSETCATALOG_COMPILER_GLOBAL_ACCENT_COLOR_NAME = AccentColor;
				CODE_SIGN_STYLE = Automatic;
				CURRENT_PROJECT_VERSION = 1;
				DEVELOPMENT_ASSET_PATHS = "\"ReedCase/Preview Content\"";
				DEVELOPMENT_TEAM = 79P5623K36;
				ENABLE_PREVIEWS = YES;
				GENERATE_INFOPLIST_FILE = YES;
				INFOPLIST_KEY_UIApplicationSceneManifest_Generation = YES;
				INFOPLIST_KEY_UIApplicationSupportsIndirectInputEvents = YES;
				INFOPLIST_KEY_UILaunchScreen_Generation = YES;
				INFOPLIST_KEY_UISupportedInterfaceOrientations_iPad = "UIInterfaceOrientationPortrait UIInterfaceOrientationPortraitUpsideDown UIInterfaceOrientationLandscapeLeft UIInterfaceOrientationLandscapeRight";
				INFOPLIST_KEY_UISupportedInterfaceOrientations_iPhone = "UIInterfaceOrientationPortrait UIInterfaceOrientationLandscapeLeft UIInterfaceOrientationLandscapeRight";
				LD_RUNPATH_SEARCH_PATHS = (
					"$(inherited)",
					"@executable_path/Frameworks",
				);
				MARKETING_VERSION = 1.0;
				PRODUCT_BUNDLE_IDENTIFIER = "p-frei-outlook.com.ReedCase";
				PRODUCT_NAME = "$(TARGET_NAME)";
				SWIFT_EMIT_LOC_STRINGS = YES;
				SWIFT_VERSION = 5.0;
				TARGETED_DEVICE_FAMILY = "1,2";
			};
			name = Debug;
		};
		54EBC04927500DD500F59A52 /* Release */ = {
			isa = XCBuildConfiguration;
			buildSettings = {
				ASSETCATALOG_COMPILER_APPICON_NAME = AppIcon;
				ASSETCATALOG_COMPILER_GLOBAL_ACCENT_COLOR_NAME = AccentColor;
				CODE_SIGN_STYLE = Automatic;
				CURRENT_PROJECT_VERSION = 1;
				DEVELOPMENT_ASSET_PATHS = "\"ReedCase/Preview Content\"";
				DEVELOPMENT_TEAM = 79P5623K36;
				ENABLE_PREVIEWS = YES;
				GENERATE_INFOPLIST_FILE = YES;
				INFOPLIST_KEY_UIApplicationSceneManifest_Generation = YES;
				INFOPLIST_KEY_UIApplicationSupportsIndirectInputEvents = YES;
				INFOPLIST_KEY_UILaunchScreen_Generation = YES;
				INFOPLIST_KEY_UISupportedInterfaceOrientations_iPad = "UIInterfaceOrientationPortrait UIInterfaceOrientationPortraitUpsideDown UIInterfaceOrientationLandscapeLeft UIInterfaceOrientationLandscapeRight";
				INFOPLIST_KEY_UISupportedInterfaceOrientations_iPhone = "UIInterfaceOrientationPortrait UIInterfaceOrientationLandscapeLeft UIInterfaceOrientationLandscapeRight";
				LD_RUNPATH_SEARCH_PATHS = (
					"$(inherited)",
					"@executable_path/Frameworks",
				);
				MARKETING_VERSION = 1.0;
				PRODUCT_BUNDLE_IDENTIFIER = "p-frei-outlook.com.ReedCase";
				PRODUCT_NAME = "$(TARGET_NAME)";
				SWIFT_EMIT_LOC_STRINGS = YES;
				SWIFT_VERSION = 5.0;
				TARGETED_DEVICE_FAMILY = "1,2";
			};
			name = Release;
		};
/* End XCBuildConfiguration section */

/* Begin XCConfigurationList section */
		54EBC03427500DD400F59A52 /* Build configuration list for PBXProject "ReedCase" */ = {
			isa = XCConfigurationList;
			buildConfigurations = (
				54EBC04527500DD500F59A52 /* Debug */,
				54EBC04627500DD500F59A52 /* Release */,
			);
			defaultConfigurationIsVisible = 0;
			defaultConfigurationName = Release;
		};
		54EBC04727500DD500F59A52 /* Build configuration list for PBXNativeTarget "ReedCase" */ = {
			isa = XCConfigurationList;
			buildConfigurations = (
				54EBC04827500DD500F59A52 /* Debug */,
				54EBC04927500DD500F59A52 /* Release */,
			);
			defaultConfigurationIsVisible = 0;
			defaultConfigurationName = Release;
		};
/* End XCConfigurationList section */
	};
	rootObject = 54EBC03127500DD400F59A52 /* Project object */;
}
